
Microsoft Visual Studio Solution File, Format Version 12.00
# Visual Studio Version 17
VisualStudioVersion = 17.0.31912.275
MinimumVisualStudioVersion = 10.0.40219.1
Project("{FAE04EC0-301F-11D3-BF4B-00C04F79EFBC}") = "MiniSignal.Server", "MiniSignal.Server\MiniSignal.Server.csproj", "{DB30E162-2B73-46A1-93B4-8966100AE90D}"
EndProject
Project("{FAE04EC0-301F-11D3-BF4B-00C04F79EFBC}") = "MiniSignal.Client", "MiniSignal.Client\MiniSignal.Client.csproj", "{7FC18D87-2E89-4B5D-9C24-4C4C3201AE92}"
EndProject
Global
	GlobalSection(SolutionConfigurationPlatforms) = preSolution
		Debug|Any CPU = Debug|Any CPU
		Release|Any CPU = Release|Any CPU
	EndGlobalSection
	GlobalSection(ProjectConfigurationPlatforms) = postSolution
		{DB30E162-2B73-46A1-93B4-8966100AE90D}.Debug|Any CPU.ActiveCfg = Debug|Any CPU
		{DB30E162-2B73-46A1-93B4-8966100AE90D}.Debug|Any CPU.Build.0 = Debug|Any CPU
		{DB30E162-2B73-46A1-93B4-8966100AE90D}.Release|Any CPU.ActiveCfg = Release|Any CPU
		{DB30E162-2B73-46A1-93B4-8966100AE90D}.Release|Any CPU.Build.0 = Release|Any CPU
		{7FC18D87-2E89-4B5D-9C24-4C4C3201AE92}.Debug|Any CPU.ActiveCfg = Debug|Any CPU
		{7FC18D87-2E89-4B5D-9C24-4C4C3201AE92}.Debug|Any CPU.Build.0 = Debug|Any CPU
		{7FC18D87-2E89-4B5D-9C24-4C4C3201AE92}.Release|Any CPU.ActiveCfg = Release|Any CPU
		{7FC18D87-2E89-4B5D-9C24-4C4C3201AE92}.Release|Any CPU.Build.0 = Release|Any CPU
	EndGlobalSection
	GlobalSection(SolutionProperties) = preSolution
		HideSolutionNode = FALSE
	EndGlobalSection
	GlobalSection(ExtensibilityGlobals) = postSolution
		SolutionGuid = {0A005F2C-0B1D-496A-87CC-F521039EEB2A}
	EndGlobalSection
EndGlobal
